Microsoft Visual Studio Solution File, Format Version 10.00
# Visual Studio 2008
Project("{FAE04EC0-301F-11D3-BF4B-00C04F79EFBC}") = "Dou3akumail", "Dou3akumail.csproj", "{9B64A5F8-0A63-40C9-A208-57EFAB49232E}"
EndProject
Project("{FAE04EC0-301F-11D3-BF4B-00C04F79EFBC}") = "WaveControl", "WaveControl\WaveControl.csproj", "{D807456F-AB02-409D-A6F8-1F75BA11442E}"
EndProject
Global
	GlobalSection(SolutionConfigurationPlatforms) = preSolution
		Debug|Any CPU = Debug|Any CPU
		Release|Any CPU = Release|Any CPU
	EndGlobalSection
	GlobalSection(ProjectConfigurationPlatforms) = postSolution
		{9B64A5F8-0A63-40C9-A208-57EFAB49232E}.Debug|Any CPU.ActiveCfg = Debug|Any CPU
		{9B64A5F8-0A63-40C9-A208-57EFAB49232E}.Debug|Any CPU.Build.0 = Debug|Any CPU
		{9B64A5F8-0A63-40C9-A208-57EFAB49232E}.Release|Any CPU.ActiveCfg = Release|Any CPU
		{9B64A5F8-0A63-40C9-A208-57EFAB49232E}.Release|Any CPU.Build.0 = Release|Any CPU
		{D807456F-AB02-409D-A6F8-1F75BA11442E}.Debug|Any CPU.ActiveCfg = Debug|Any CPU
		{D807456F-AB02-409D-A6F8-1F75BA11442E}.Debug|Any CPU.Build.0 = Debug|Any CPU
		{D807456F-AB02-409D-A6F8-1F75BA11442E}.Release|Any CPU.ActiveCfg = Release|Any CPU
		{D807456F-AB02-409D-A6F8-1F75BA11442E}.Release|Any CPU.Build.0 = Release|Any CPU
	EndGlobalSection
	GlobalSection(SolutionProperties) = preSolution
		HideSolutionNode = FALSE
	EndGlobalSection
EndGlobal
